
Microsoft Visual Studio Solution File, Format Version 12.00
# Visual Studio Version 16
VisualStudioVersion = 16.0.29709.97
MinimumVisualStudioVersion = 10.0.40219.1
Project("{9A19103F-16F7-4668-BE54-9A1E7A4F7556}") = "WebDisk", "WebDisk\WebDisk.csproj", "{DFF5C4E2-9974-43AB-B36B-7DFC8F86546B}"
EndProject
Project("{A07B5EB6-E848-4116-A8D0-A826331D98C6}") = "ApplicationWebDisk", "ApplicationWebDisk\ApplicationWebDisk.sfproj", "{1FFB8BE6-91E3-40EE-A7CC-391C323A879C}"
EndProject
Global
	GlobalSection(SolutionConfigurationPlatforms) = preSolution
		Debug|Any CPU = Debug|Any CPU
		Debug|x64 = Debug|x64
		Release|Any CPU = Release|Any CPU
		Release|x64 = Release|x64
	EndGlobalSection
	GlobalSection(ProjectConfigurationPlatforms) = postSolution
		{DFF5C4E2-9974-43AB-B36B-7DFC8F86546B}.Debug|Any CPU.ActiveCfg = Debug|Any CPU
		{DFF5C4E2-9974-43AB-B36B-7DFC8F86546B}.Debug|Any CPU.Build.0 = Debug|Any CPU
		{DFF5C4E2-9974-43AB-B36B-7DFC8F86546B}.Debug|x64.ActiveCfg = Debug|Any CPU
		{DFF5C4E2-9974-43AB-B36B-7DFC8F86546B}.Debug|x64.Build.0 = Debug|Any CPU
		{DFF5C4E2-9974-43AB-B36B-7DFC8F86546B}.Release|Any CPU.ActiveCfg = Release|Any CPU
		{DFF5C4E2-9974-43AB-B36B-7DFC8F86546B}.Release|Any CPU.Build.0 = Release|Any CPU
		{DFF5C4E2-9974-43AB-B36B-7DFC8F86546B}.Release|x64.ActiveCfg = Release|Any CPU
		{DFF5C4E2-9974-43AB-B36B-7DFC8F86546B}.Release|x64.Build.0 = Release|Any CPU
		{1FFB8BE6-91E3-40EE-A7CC-391C323A879C}.Debug|Any CPU.ActiveCfg = Debug|x64
		{1FFB8BE6-91E3-40EE-A7CC-391C323A879C}.Debug|x64.ActiveCfg = Debug|x64
		{1FFB8BE6-91E3-40EE-A7CC-391C323A879C}.Debug|x64.Build.0 = Debug|x64
		{1FFB8BE6-91E3-40EE-A7CC-391C323A879C}.Debug|x64.Deploy.0 = Debug|x64
		{1FFB8BE6-91E3-40EE-A7CC-391C323A879C}.Release|Any CPU.ActiveCfg = Release|x64
		{1FFB8BE6-91E3-40EE-A7CC-391C323A879C}.Release|x64.ActiveCfg = Release|x64
		{1FFB8BE6-91E3-40EE-A7CC-391C323A879C}.Release|x64.Build.0 = Release|x64
		{1FFB8BE6-91E3-40EE-A7CC-391C323A879C}.Release|x64.Deploy.0 = Release|x64
	EndGlobalSection
	GlobalSection(SolutionProperties) = preSolution
		HideSolutionNode = FALSE
	EndGlobalSection
	GlobalSection(ExtensibilityGlobals) = postSolution
		SolutionGuid = {84DB58BD-2101-4076-B1D1-30E7816657CD}
	EndGlobalSection
EndGlobal
